
Microsoft Visual Studio Solution File, Format Version 12.00
# Visual Studio Version 17
VisualStudioVersion = 17.0.32014.148
MinimumVisualStudioVersion = 10.0.40219.1
Project("{54A90642-561A-4BB1-A94E-469ADEE60C69}") = "SuperMarioSwimmingGame", "SuperMarioSwimmingGame\SuperMarioSwimmingGame.esproj", "{BC9555BD-324E-490C-ACE5-8F015E0456FB}"
EndProject
Global
	GlobalSection(SolutionConfigurationPlatforms) = preSolution
		Debug|Any CPU = Debug|Any CPU
		Release|Any CPU = Release|Any CPU
	EndGlobalSection
	GlobalSection(ProjectConfigurationPlatforms) = postSolution
		{BC9555BD-324E-490C-ACE5-8F015E0456FB}.Debug|Any CPU.ActiveCfg = Debug|Any CPU
		{BC9555BD-324E-490C-ACE5-8F015E0456FB}.Debug|Any CPU.Build.0 = Debug|Any CPU
		{BC9555BD-324E-490C-ACE5-8F015E0456FB}.Debug|Any CPU.Deploy.0 = Debug|Any CPU
		{BC9555BD-324E-490C-ACE5-8F015E0456FB}.Release|Any CPU.ActiveCfg = Release|Any CPU
		{BC9555BD-324E-490C-ACE5-8F015E0456FB}.Release|Any CPU.Build.0 = Release|Any CPU
		{BC9555BD-324E-490C-ACE5-8F015E0456FB}.Release|Any CPU.Deploy.0 = Release|Any CPU
	EndGlobalSection
	GlobalSection(SolutionProperties) = preSolution
		HideSolutionNode = FALSE
	EndGlobalSection
	GlobalSection(ExtensibilityGlobals) = postSolution
		SolutionGuid = {493862FC-A10E-4657-825C-FBA57DE793AC}
	EndGlobalSection
EndGlobal
